
Microsoft Visual Studio Solution File, Format Version 12.00
# Visual Studio Version 16
VisualStudioVersion = 16.0.33214.272
MinimumVisualStudioVersion = 10.0.40219.1
Project("{FAE04EC0-301F-11D3-BF4B-00C04F79EFBC}") = "memento", "memento\memento.csproj", "{EB364CF2-A49A-45D6-8BF0-4975BC83B9A9}"
EndProject
Global
	GlobalSection(SolutionConfigurationPlatforms) = preSolution
		Debug|Any CPU = Debug|Any CPU
		Release|Any CPU = Release|Any CPU
	EndGlobalSection
	GlobalSection(ProjectConfigurationPlatforms) = postSolution
		{EB364CF2-A49A-45D6-8BF0-4975BC83B9A9}.Debug|Any CPU.ActiveCfg = Debug|Any CPU
		{EB364CF2-A49A-45D6-8BF0-4975BC83B9A9}.Debug|Any CPU.Build.0 = Debug|Any CPU
		{EB364CF2-A49A-45D6-8BF0-4975BC83B9A9}.Release|Any CPU.ActiveCfg = Release|Any CPU
		{EB364CF2-A49A-45D6-8BF0-4975BC83B9A9}.Release|Any CPU.Build.0 = Release|Any CPU
	EndGlobalSection
	GlobalSection(SolutionProperties) = preSolution
		HideSolutionNode = FALSE
	EndGlobalSection
	GlobalSection(ExtensibilityGlobals) = postSolution
		SolutionGuid = {0218CBF5-8DEC-4915-91F0-C9BDBFF43C23}
	EndGlobalSection
EndGlobal
